PODS:
  - AFNetworking (3.2.1):
    - AFNetworking/NSURLSession (= 3.2.1)
    - AFNetworking/Reachability (= 3.2.1)
    - AFNetworking/Security (= 3.2.1)
    - AFNetworking/Serialization (= 3.2.1)
    - AFNetworking/UIKit (= 3.2.1)
  - AFNetworking/NSURLSession (3.2.1):
    - AFNetworking/Reachability
    - AFNetworking/Security
    - AFNetworking/Serialization
  - AFNetworking/Reachability (3.2.1)
  - AFNetworking/Security (3.2.1)
  - AFNetworking/Serialization (3.2.1)
  - AFNetworking/UIKit (3.2.1):
    - AFNetworking/NSURLSession
  - DSToast (1.1.4)
  - IQKeyboardManager (6.5.6)
  - JSONModel (1.8.0)
  - Masonry (1.1.0)
  - SVProgressHUD (2.2.5)

DEPENDENCIES:
  - AFNetworking
  - DSToast
  - IQKeyboardManager
  - JSONModel
  - Masonry
  - SVProgressHUD

SPEC REPOS:
  trunk:
    - AFNetworking
    - DSToast
    - IQKeyboardManager
    - JSONModel
    - Masonry
    - SVProgressHUD

SPEC CHECKSUMS:
  AFNetworking: b6f891fdfaed196b46c7a83cf209e09697b94057
  DSToast: 8d1496b91809172588e7f49110c8c53d79a6d688
  IQKeyboardManager: 2a6e97afdafc7becf0cb17a9a8d795e3a980717f
  JSONModel: 02ab723958366a3fd27da57ea2af2113658762e9
  Masonry: 678fab65091a9290e40e2832a55e7ab731aad201
  SVProgressHUD: 1428aafac632c1f86f62aa4243ec12008d7a51d6

PODFILE CHECKSUM: 78713105edf71cedb3c0e6982581a8612331a428

COCOAPODS: 1.10.2
